# @generated - this file is auto-generated by `mise lock` https://mise.jdx.dev/dev-tools/mise-lock.html

[[tools.agent-browser]]
version = "0.38.1"
backend = "aqua:vercel-labs/agent-browser"

[tools.agent-browser."platforms.linux-x64"]
checksum = "sha1:429660c741782299f154e7fa7f03deb51bb32248"
url = "https://registry.npmjs.org/agent-browser/-/agent-browser-0.38.1.tgz"
